
Microsoft Visual Studio Solution File, Format Version 12.00
# Visual Studio Version 17
VisualStudioVersion = 17.0.31919.166
MinimumVisualStudioVersion = 10.0.40219.1
Project("{FAE04EC0-301F-11D3-BF4B-00C04F79EFBC}") = "NavBuilder", "NavBuilder\NavBuilder.csproj", "{BE2F57F1-203D-413F-B0D4-BBA2F47C1D94}"
EndProject
Global
	GlobalSection(SolutionConfigurationPlatforms) = preSolution
		Debug|Any CPU = Debug|Any CPU
		Release|Any CPU = Release|Any CPU
	EndGlobalSection
	GlobalSection(ProjectConfigurationPlatforms) = postSolution
		{BE2F57F1-203D-413F-B0D4-BBA2F47C1D94}.Debug|Any CPU.ActiveCfg = Debug|Any CPU
		{BE2F57F1-203D-413F-B0D4-BBA2F47C1D94}.Debug|Any CPU.Build.0 = Debug|Any CPU
		{BE2F57F1-203D-413F-B0D4-BBA2F47C1D94}.Release|Any CPU.ActiveCfg = Release|Any CPU
		{BE2F57F1-203D-413F-B0D4-BBA2F47C1D94}.Release|Any CPU.Build.0 = Release|Any CPU
	EndGlobalSection
	GlobalSection(SolutionProperties) = preSolution
		HideSolutionNode = FALSE
	EndGlobalSection
	GlobalSection(ExtensibilityGlobals) = postSolution
		SolutionGuid = {1CB82A54-9250-4675-BC0E-01B723DC8189}
	EndGlobalSection
EndGlobal
